
Microsoft Visual Studio Solution File, Format Version 12.00
# Visual Studio Version 17
VisualStudioVersion = 17.7.34202.233
MinimumVisualStudioVersion = 10.0.40219.1
Project("{F184B08F-C81C-45F6-A57F-5ABD9991F28F}") = "StudentManagementSystem", "StudentManagementSystem\StudentManagementSystem.vbproj", "{93B17274-F6E3-4632-857B-21C154813A76}"
EndProject
Global
	GlobalSection(SolutionConfigurationPlatforms) = preSolution
		Debug|Any CPU = Debug|Any CPU
		Release|Any CPU = Release|Any CPU
	EndGlobalSection
	GlobalSection(ProjectConfigurationPlatforms) = postSolution
		{93B17274-F6E3-4632-857B-21C154813A76}.Debug|Any CPU.ActiveCfg = Debug|Any CPU
		{93B17274-F6E3-4632-857B-21C154813A76}.Debug|Any CPU.Build.0 = Debug|Any CPU
		{93B17274-F6E3-4632-857B-21C154813A76}.Release|Any CPU.ActiveCfg = Release|Any CPU
		{93B17274-F6E3-4632-857B-21C154813A76}.Release|Any CPU.Build.0 = Release|Any CPU
	EndGlobalSection
	GlobalSection(SolutionProperties) = preSolution
		HideSolutionNode = FALSE
	EndGlobalSection
	GlobalSection(ExtensibilityGlobals) = postSolution
		SolutionGuid = {64B07854-4267-4D02-AE68-7847F8E637EF}
	EndGlobalSection
EndGlobal
